
Microsoft Visual Studio Solution File, Format Version 12.00
# Visual Studio 15
VisualStudioVersion = 15.0.27004.2002
MinimumVisualStudioVersion = 10.0.40219.1
Project("{9A19103F-16F7-4668-BE54-9A1E7A4F7556}") = "Prism.Windows", "..\..\..\Source\Windows10\Prism.Windows\Prism.Windows.csproj", "{3B7C3599-A336-4DB2-8678-710E3B36203B}"
EndProject
Project("{9A19103F-16F7-4668-BE54-9A1E7A4F7556}") = "Prism.Unity.Windows", "..\..\..\Source\Windows10\Prism.Unity.Windows\Prism.Unity.Windows.csproj", "{B4060AD6-7A34-479C-B5EB-4C542A681F42}"
EndProject
Project("{9A19103F-16F7-4668-BE54-9A1E7A4F7556}") = "Prism", "..\..\..\Source\Prism\Prism.csproj", "{E6C50355-D01E-4CAA-884D-D7929861315C}"
EndProject
Project("{2150E333-8FDC-42A3-9474-1A3956D46DE8}") = "PrismLibrary", "PrismLibrary", "{C91631C0-B24C-4AA1-BD59-0E3DBF72B6BB}"
EndProject
Project("{FAE04EC0-301F-11D3-BF4B-00C04F79EFBC}") = "HelloWorld.Unity", "HelloWorld.Unity.Windows\HelloWorld.Unity.csproj", "{0797C306-43CD-4E8D-BC3D-3C1E7B40345F}"
EndProject
Project("{D954291E-2A0B-460D-934E-DC6B0785DB48}") = "HelloWorld.Unity.Shared", "HelloWorld.Unity.Shared\HelloWorld.Unity.Shared.shproj", "{DC1D4DAC-C16F-45AA-A7FF-211FE38FECF7}"
EndProject
Project("{FAE04EC0-301F-11D3-BF4B-00C04F79EFBC}") = "HelloWorld.Unity.Droid", "HelloWorld.Unity.Droid\HelloWorld.Unity.Droid.csproj", "{8B36E1FE-9E24-4CF4-83AD-331C49C03131}"
EndProject
Project("{FAE04EC0-301F-11D3-BF4B-00C04F79EFBC}") = "HelloWorld.Unity.iOS", "HelloWorld.Unity.iOS\HelloWorld.Unity.iOS.csproj", "{834C7DCC-F6E3-46A3-9618-6B36A174FC75}"
EndProject
Project("{9A19103F-16F7-4668-BE54-9A1E7A4F7556}") = "HelloWorld.Unity.Wasm", "HelloWorld.Unity.Wasm\HelloWorld.Unity.Wasm.csproj", "{07FE2204-D2AD-4AFC-A248-D061DF136703}"
EndProject
Global
	GlobalSection(SharedMSBuildProjectFiles) = preSolution
		HelloWorld.Unity.Shared\HelloWorld.Unity.Shared.projitems*{834c7dcc-f6e3-46a3-9618-6b36a174fc75}*SharedItemsImports = 4
		HelloWorld.Unity.Shared\HelloWorld.Unity.Shared.projitems*{8b36e1fe-9e24-4cf4-83ad-331c49c03131}*SharedItemsImports = 4
		HelloWorld.Unity.Shared\HelloWorld.Unity.Shared.projitems*{dc1d4dac-c16f-45aa-a7ff-211fe38fecf7}*SharedItemsImports = 13
	EndGlobalSection
	GlobalSection(SolutionConfigurationPlatforms) = preSolution
		Ad-Hoc|Any CPU = Ad-Hoc|Any CPU
		Ad-Hoc|ARM = Ad-Hoc|ARM
		Ad-Hoc|iPhone = Ad-Hoc|iPhone
		Ad-Hoc|iPhoneSimulator = Ad-Hoc|iPhoneSimulator
		Ad-Hoc|x64 = Ad-Hoc|x64
		Ad-Hoc|x86 = Ad-Hoc|x86
		AppStore|Any CPU = AppStore|Any CPU
		AppStore|ARM = AppStore|ARM
		AppStore|iPhone = AppStore|iPhone
		AppStore|iPhoneSimulator = AppStore|iPhoneSimulator
		AppStore|x64 = AppStore|x64
		AppStore|x86 = AppStore|x86
		Debug|Any CPU = Debug|Any CPU
		Debug|ARM = Debug|ARM
		Debug|iPhone = Debug|iPhone
		Debug|iPhoneSimulator = Debug|iPhoneSimulator
		Debug|x64 = Debug|x64
		Debug|x86 = Debug|x86
		Release|Any CPU = Release|Any CPU
		Release|ARM = Release|ARM
		Release|iPhone = Release|iPhone
		Release|iPhoneSimulator = Release|iPhoneSimulator
		Release|x64 = Release|x64
		Release|x86 = Release|x86
		Release-Signed|Any CPU = Release-Signed|Any CPU
		Release-Signed|ARM = Release-Signed|ARM
		Release-Signed|iPhone = Release-Signed|iPhone
		Release-Signed|iPhoneSimulator = Release-Signed|iPhoneSimulator
		Release-Signed|x64 = Release-Signed|x64
		Release-Signed|x86 = Release-Signed|x86
	EndGlobalSection
	GlobalSection(ProjectConfigurationPlatforms) = postSolution
		{3B7C3599-A336-4DB2-8678-710E3B36203B}.Ad-Hoc|Any CPU.ActiveCfg = Release|Any CPU
		{3B7C3599-A336-4DB2-8678-710E3B36203B}.Ad-Hoc|Any CPU.Build.0 = Release|Any CPU
		{3B7C3599-A336-4DB2-8678-710E3B36203B}.Ad-Hoc|ARM.ActiveCfg = Release|Any CPU
		{3B7C3599-A336-4DB2-8678-710E3B36203B}.Ad-Hoc|ARM.Build.0 = Release|Any CPU
		{3B7C3599-A336-4DB2-8678-710E3B36203B}.Ad-Hoc|iPhone.ActiveCfg = Release|Any CPU
		{3B7C3599-A336-4DB2-8678-710E3B36203B}.Ad-Hoc|iPhone.Build.0 = Release|Any CPU
		{3B7C3599-A336-4DB2-8678-710E3B36203B}.Ad-Hoc|iPhoneSimulator.ActiveCfg = Release|Any CPU
		{3B7C3599-A336-4DB2-8678-710E3B36203B}.Ad-Hoc|iPhoneSimulator.Build.0 = Release|Any CPU
		{3B7C3599-A336-4DB2-8678-710E3B36203B}.Ad-Hoc|x64.ActiveCfg = Release|Any CPU
		{3B7C3599-A336-4DB2-8678-710E3B36203B}.Ad-Hoc|x64.Build.0 = Release|Any CPU
		{3B7C3599-A336-4DB2-8678-710E3B36203B}.Ad-Hoc|x86.ActiveCfg = Release|Any CPU
		{3B7C3599-A336-4DB2-8678-710E3B36203B}.Ad-Hoc|x86.Build.0 = Release|Any CPU
		{3B7C3599-A336-4DB2-8678-710E3B36203B}.AppStore|Any CPU.ActiveCfg = Release|Any CPU
		{3B7C3599-A336-4DB2-8678-710E3B36203B}.AppStore|Any CPU.Build.0 = Release|Any CPU
		{3B7C3599-A336-4DB2-8678-710E3B36203B}.AppStore|ARM.ActiveCfg = Release|Any CPU
		{3B7C3599-A336-4DB2-8678-710E3B36203B}.AppStore|ARM.Build.0 = Release|Any CPU
		{3B7C3599-A336-4DB2-8678-710E3B36203B}.AppStore|iPhone.ActiveCfg = Release|Any CPU
		{3B7C3599-A336-4DB2-8678-710E3B36203B}.AppStore|iPhone.Build.0 = Release|Any CPU
		{3B7C3599-A336-4DB2-8678-710E3B36203B}.AppStore|iPhoneSimulator.ActiveCfg = Release|Any CPU
		{3B7C3599-A336-4DB2-8678-710E3B36203B}.AppStore|iPhoneSimulator.Build.0 = Release|Any CPU
		{3B7C3599-A336-4DB2-8678-710E3B36203B}.AppStore|x64.ActiveCfg = Release|Any CPU
		{3B7C3599-A336-4DB2-8678-710E3B36203B}.AppStore|x64.Build.0 = Release|Any CPU
		{3B7C3599-A336-4DB2-8678-710E3B36203B}.AppStore|x86.ActiveCfg = Release|Any CPU
		{3B7C3599-A336-4DB2-8678-710E3B36203B}.AppStore|x86.Build.0 = Release|Any CPU
		{3B7C3599-A336-4DB2-8678-710E3B36203B}.Debug|Any CPU.ActiveCfg = Debug|Any CPU
		{3B7C3599-A336-4DB2-8678-710E3B36203B}.Debug|Any CPU.Build.0 = Debug|Any CPU
		{3B7C3599-A336-4DB2-8678-710E3B36203B}.Debug|ARM.ActiveCfg = Debug|Any CPU
		{3B7C3599-A336-4DB2-8678-710E3B36203B}.Debug|ARM.Build.0 = Debug|Any CPU
		{3B7C3599-A336-4DB2-8678-710E3B36203B}.Debug|iPhone.ActiveCfg = Debug|Any CPU
		{3B7C3599-A336-4DB2-8678-710E3B36203B}.Debug|iPhone.Build.0 = Debug|Any CPU
		{3B7C3599-A336-4DB2-8678-710E3B36203B}.Debug|iPhoneSimulator.ActiveCfg = Debug|Any CPU
		{3B7C3599-A336-4DB2-8678-710E3B36203B}.Debug|iPhoneSimulator.Build.0 = Debug|Any CPU
		{3B7C3599-A336-4DB2-8678-710E3B36203B}.Debug|x64.ActiveCfg = Debug|Any CPU
		{3B7C3599-A336-4DB2-8678-710E3B36203B}.Debug|x64.Build.0 = Debug|Any CPU
		{3B7C3599-A336-4DB2-8678-710E3B36203B}.Debug|x86.ActiveCfg = Debug|Any CPU
		{3B7C3599-A336-4DB2-8678-710E3B36203B}.Debug|x86.Build.0 = Debug|Any CPU
		{3B7C3599-A336-4DB2-8678-710E3B36203B}.Release|Any CPU.ActiveCfg = Release|Any CPU
		{3B7C3599-A336-4DB2-8678-710E3B36203B}.Release|Any CPU.Build.0 = Release|Any CPU
		{3B7C3599-A336-4DB2-8678-710E3B36203B}.Release|ARM.ActiveCfg = Release|Any CPU
		{3B7C3599-A336-4DB2-8678-710E3B36203B}.Release|ARM.Build.0 = Release|Any CPU
		{3B7C3599-A336-4DB2-8678-710E3B36203B}.Release|iPhone.ActiveCfg = Release|Any CPU
		{3B7C3599-A336-4DB2-8678-710E3B36203B}.Release|iPhone.Build.0 = Release|Any CPU
		{3B7C3599-A336-4DB2-8678-710E3B36203B}.Release|iPhoneSimulator.ActiveCfg = Release|Any CPU
		{3B7C3599-A336-4DB2-8678-710E3B36203B}.Release|iPhoneSimulator.Build.0 = Release|Any CPU
		{3B7C3599-A336-4DB2-8678-710E3B36203B}.Release|x64.ActiveCfg = Release|Any CPU
		{3B7C3599-A336-4DB2-8678-710E3B36203B}.Release|x64.Build.0 = Release|Any CPU
		{3B7C3599-A336-4DB2-8678-710E3B36203B}.Release|x86.ActiveCfg = Release|Any CPU
		{3B7C3599-A336-4DB2-8678-710E3B36203B}.Release|x86.Build.0 = Release|Any CPU
		{3B7C3599-A336-4DB2-8678-710E3B36203B}.Release-Signed|Any CPU.ActiveCfg = Release|Any CPU
		{3B7C3599-A336-4DB2-8678-710E3B36203B}.Release-Signed|Any CPU.Build.0 = Release|Any CPU
		{3B7C3599-A336-4DB2-8678-710E3B36203B}.Release-Signed|ARM.ActiveCfg = Release|Any CPU
		{3B7C3599-A336-4DB2-8678-710E3B36203B}.Release-Signed|ARM.Build.0 = Release|Any CPU
		{3B7C3599-A336-4DB2-8678-710E3B36203B}.Release-Signed|iPhone.ActiveCfg = Release|Any CPU
		{3B7C3599-A336-4DB2-8678-710E3B36203B}.Release-Signed|iPhone.Build.0 = Release|Any CPU
		{3B7C3599-A336-4DB2-8678-710E3B36203B}.Release-Signed|iPhoneSimulator.ActiveCfg = Release|Any CPU
		{3B7C3599-A336-4DB2-8678-710E3B36203B}.Release-Signed|iPhoneSimulator.Build.0 = Release|Any CPU
		{3B7C3599-A336-4DB2-8678-710E3B36203B}.Release-Signed|x64.ActiveCfg = Release|Any CPU
		{3B7C3599-A336-4DB2-8678-710E3B36203B}.Release-Signed|x64.Build.0 = Release|Any CPU
		{3B7C3599-A336-4DB2-8678-710E3B36203B}.Release-Signed|x86.ActiveCfg = Release|Any CPU
		{3B7C3599-A336-4DB2-8678-710E3B36203B}.Release-Signed|x86.Build.0 = Release|Any CPU
		{B4060AD6-7A34-479C-B5EB-4C542A681F42}.Ad-Hoc|Any CPU.ActiveCfg = Release|Any CPU
		{B4060AD6-7A34-479C-B5EB-4C542A681F42}.Ad-Hoc|Any CPU.Build.0 = Release|Any CPU
		{B4060AD6-7A34-479C-B5EB-4C542A681F42}.Ad-Hoc|ARM.ActiveCfg = Release|Any CPU
		{B4060AD6-7A34-479C-B5EB-4C542A681F42}.Ad-Hoc|ARM.Build.0 = Release|Any CPU
		{B4060AD6-7A34-479C-B5EB-4C542A681F42}.Ad-Hoc|iPhone.ActiveCfg = Release|Any CPU
		{B4060AD6-7A34-479C-B5EB-4C542A681F42}.Ad-Hoc|iPhone.Build.0 = Release|Any CPU
		{B4060AD6-7A34-479C-B5EB-4C542A681F42}.Ad-Hoc|iPhoneSimulator.ActiveCfg = Release|Any CPU
		{B4060AD6-7A34-479C-B5EB-4C542A681F42}.Ad-Hoc|iPhoneSimulator.Build.0 = Release|Any CPU
		{B4060AD6-7A34-479C-B5EB-4C542A681F42}.Ad-Hoc|x64.ActiveCfg = Release|Any CPU
		{B4060AD6-7A34-479C-B5EB-4C542A681F42}.Ad-Hoc|x64.Build.0 = Release|Any CPU
		{B4060AD6-7A34-479C-B5EB-4C542A681F42}.Ad-Hoc|x86.ActiveCfg = Release|Any CPU
		{B4060AD6-7A34-479C-B5EB-4C542A681F42}.Ad-Hoc|x86.Build.0 = Release|Any CPU
		{B4060AD6-7A34-479C-B5EB-4C542A681F42}.AppStore|Any CPU.ActiveCfg = Release|Any CPU
		{B4060AD6-7A34-479C-B5EB-4C542A681F42}.AppStore|Any CPU.Build.0 = Release|Any CPU
		{B4060AD6-7A34-479C-B5EB-4C542A681F42}.AppStore|ARM.ActiveCfg = Release|Any CPU
		{B4060AD6-7A34-479C-B5EB-4C542A681F42}.AppStore|ARM.Build.0 = Release|Any CPU
		{B4060AD6-7A34-479C-B5EB-4C542A681F42}.AppStore|iPhone.ActiveCfg = Release|Any CPU
		{B4060AD6-7A34-479C-B5EB-4C542A681F42}.AppStore|iPhone.Build.0 = Release|Any CPU
		{B4060AD6-7A34-479C-B5EB-4C542A681F42}.AppStore|iPhoneSimulator.ActiveCfg = Release|Any CPU
		{B4060AD6-7A34-479C-B5EB-4C542A681F42}.AppStore|iPhoneSimulator.Build.0 = Release|Any CPU
		{B4060AD6-7A34-479C-B5EB-4C542A681F42}.AppStore|x64.ActiveCfg = Release|Any CPU
		{B4060AD6-7A34-479C-B5EB-4C542A681F42}.AppStore|x64.Build.0 = Release|Any CPU
		{B4060AD6-7A34-479C-B5EB-4C542A681F42}.AppStore|x86.ActiveCfg = Release|Any CPU
		{B4060AD6-7A34-479C-B5EB-4C542A681F42}.AppStore|x86.Build.0 = Release|Any CPU
		{B4060AD6-7A34-479C-B5EB-4C542A681F42}.Debug|Any CPU.ActiveCfg = Debug|Any CPU
		{B4060AD6-7A34-479C-B5EB-4C542A681F42}.Debug|Any CPU.Build.0 = Debug|Any CPU
		{B4060AD6-7A34-479C-B5EB-4C542A681F42}.Debug|ARM.ActiveCfg = Debug|Any CPU
		{B4060AD6-7A34-479C-B5EB-4C542A681F42}.Debug|ARM.Build.0 = Debug|Any CPU
		{B4060AD6-7A34-479C-B5EB-4C542A681F42}.Debug|iPhone.ActiveCfg = Debug|Any CPU
		{B4060AD6-7A34-479C-B5EB-4C542A681F42}.Debug|iPhone.Build.0 = Debug|Any CPU
		{B4060AD6-7A34-479C-B5EB-4C542A681F42}.Debug|iPhoneSimulator.ActiveCfg = Debug|Any CPU
		{B4060AD6-7A34-479C-B5EB-4C542A681F42}.Debug|iPhoneSimulator.Build.0 = Debug|Any CPU
		{B4060AD6-7A34-479C-B5EB-4C542A681F42}.Debug|x64.ActiveCfg = Debug|Any CPU
		{B4060AD6-7A34-479C-B5EB-4C542A681F42}.Debug|x64.Build.0 = Debug|Any CPU
		{B4060AD6-7A34-479C-B5EB-4C542A681F42}.Debug|x86.ActiveCfg = Debug|Any CPU
		{B4060AD6-7A34-479C-B5EB-4C542A681F42}.Debug|x86.Build.0 = Debug|Any CPU
		{B4060AD6-7A34-479C-B5EB-4C542A681F42}.Release|Any CPU.ActiveCfg = Release|Any CPU
		{B4060AD6-7A34-479C-B5EB-4C542A681F42}.Release|Any CPU.Build.0 = Release|Any CPU
		{B4060AD6-7A34-479C-B5EB-4C542A681F42}.Release|ARM.ActiveCfg = Release|Any CPU
		{B4060AD6-7A34-479C-B5EB-4C542A681F42}.Release|ARM.Build.0 = Release|Any CPU
		{B4060AD6-7A34-479C-B5EB-4C542A681F42}.Release|iPhone.ActiveCfg = Release|Any CPU
		{B4060AD6-7A34-479C-B5EB-4C542A681F42}.Release|iPhone.Build.0 = Release|Any CPU
		{B4060AD6-7A34-479C-B5EB-4C542A681F42}.Release|iPhoneSimulator.ActiveCfg = Release|Any CPU
		{B4060AD6-7A34-479C-B5EB-4C542A681F42}.Release|iPhoneSimulator.Build.0 = Release|Any CPU
		{B4060AD6-7A34-479C-B5EB-4C542A681F42}.Release|x64.ActiveCfg = Release|Any CPU
		{B4060AD6-7A34-479C-B5EB-4C542A681F42}.Release|x64.Build.0 = Release|Any CPU
		{B4060AD6-7A34-479C-B5EB-4C542A681F42}.Release|x86.ActiveCfg = Release|Any CPU
		{B4060AD6-7A34-479C-B5EB-4C542A681F42}.Release|x86.Build.0 = Release|Any CPU
		{B4060AD6-7A34-479C-B5EB-4C542A681F42}.Release-Signed|Any CPU.ActiveCfg = Release|Any CPU
		{B4060AD6-7A34-479C-B5EB-4C542A681F42}.Release-Signed|Any CPU.Build.0 = Release|Any CPU
		{B4060AD6-7A34-479C-B5EB-4C542A681F42}.Release-Signed|ARM.ActiveCfg = Release|Any CPU
		{B4060AD6-7A34-479C-B5EB-4C542A681F42}.Release-Signed|ARM.Build.0 = Release|Any CPU
		{B4060AD6-7A34-479C-B5EB-4C542A681F42}.Release-Signed|iPhone.ActiveCfg = Release|Any CPU
		{B4060AD6-7A34-479C-B5EB-4C542A681F42}.Release-Signed|iPhone.Build.0 = Release|Any CPU
		{B4060AD6-7A34-479C-B5EB-4C542A681F42}.Release-Signed|iPhoneSimulator.ActiveCfg = Release|Any CPU
		{B4060AD6-7A34-479C-B5EB-4C542A681F42}.Release-Signed|iPhoneSimulator.Build.0 = Release|Any CPU
		{B4060AD6-7A34-479C-B5EB-4C542A681F42}.Release-Signed|x64.ActiveCfg = Release|Any CPU
		{B4060AD6-7A34-479C-B5EB-4C542A681F42}.Release-Signed|x64.Build.0 = Release|Any CPU
		{B4060AD6-7A34-479C-B5EB-4C542A681F42}.Release-Signed|x86.ActiveCfg = Release|Any CPU
		{B4060AD6-7A34-479C-B5EB-4C542A681F42}.Release-Signed|x86.Build.0 = Release|Any CPU
		{E6C50355-D01E-4CAA-884D-D7929861315C}.Ad-Hoc|Any CPU.ActiveCfg = Release|Any CPU
		{E6C50355-D01E-4CAA-884D-D7929861315C}.Ad-Hoc|Any CPU.Build.0 = Release|Any CPU
		{E6C50355-D01E-4CAA-884D-D7929861315C}.Ad-Hoc|ARM.ActiveCfg = Release|Any CPU
		{E6C50355-D01E-4CAA-884D-D7929861315C}.Ad-Hoc|ARM.Build.0 = Release|Any CPU
		{E6C50355-D01E-4CAA-884D-D7929861315C}.Ad-Hoc|iPhone.ActiveCfg = Release|Any CPU
		{E6C50355-D01E-4CAA-884D-D7929861315C}.Ad-Hoc|iPhone.Build.0 = Release|Any CPU
		{E6C50355-D01E-4CAA-884D-D7929861315C}.Ad-Hoc|iPhoneSimulator.ActiveCfg = Release|Any CPU
		{E6C50355-D01E-4CAA-884D-D7929861315C}.Ad-Hoc|iPhoneSimulator.Build.0 = Release|Any CPU
		{E6C50355-D01E-4CAA-884D-D7929861315C}.Ad-Hoc|x64.ActiveCfg = Release|Any CPU
		{E6C50355-D01E-4CAA-884D-D7929861315C}.Ad-Hoc|x64.Build.0 = Release|Any CPU
		{E6C50355-D01E-4CAA-884D-D7929861315C}.Ad-Hoc|x86.ActiveCfg = Release|Any CPU
		{E6C50355-D01E-4CAA-884D-D7929861315C}.Ad-Hoc|x86.Build.0 = Release|Any CPU
		{E6C50355-D01E-4CAA-884D-D7929861315C}.AppStore|Any CPU.ActiveCfg = Release|Any CPU
		{E6C50355-D01E-4CAA-884D-D7929861315C}.AppStore|Any CPU.Build.0 = Release|Any CPU
		{E6C50355-D01E-4CAA-884D-D7929861315C}.AppStore|ARM.ActiveCfg = Release|Any CPU
		{E6C50355-D01E-4CAA-884D-D7929861315C}.AppStore|ARM.Build.0 = Release|Any CPU
		{E6C50355-D01E-4CAA-884D-D7929861315C}.AppStore|iPhone.ActiveCfg = Release|Any CPU
		{E6C50355-D01E-4CAA-884D-D7929861315C}.AppStore|iPhone.Build.0 = Release|Any CPU
		{E6C50355-D01E-4CAA-884D-D7929861315C}.AppStore|iPhoneSimulator.ActiveCfg = Release|Any CPU
		{E6C50355-D01E-4CAA-884D-D7929861315C}.AppStore|iPhoneSimulator.Build.0 = Release|Any CPU
		{E6C50355-D01E-4CAA-884D-D7929861315C}.AppStore|x64.ActiveCfg = Release|Any CPU
		{E6C50355-D01E-4CAA-884D-D7929861315C}.AppStore|x64.Build.0 = Release|Any CPU
		{E6C50355-D01E-4CAA-884D-D7929861315C}.AppStore|x86.ActiveCfg = Release|Any CPU
		{E6C50355-D01E-4CAA-884D-D7929861315C}.AppStore|x86.Build.0 = Release|Any CPU
		{E6C50355-D01E-4CAA-884D-D7929861315C}.Debug|Any CPU.ActiveCfg = Debug|Any CPU
		{E6C50355-D01E-4CAA-884D-D7929861315C}.Debug|Any CPU.Build.0 = Debug|Any CPU
		{E6C50355-D01E-4CAA-884D-D7929861315C}.Debug|ARM.ActiveCfg = Debug|Any CPU
		{E6C50355-D01E-4CAA-884D-D7929861315C}.Debug|ARM.Build.0 = Debug|Any CPU
		{E6C50355-D01E-4CAA-884D-D7929861315C}.Debug|iPhone.ActiveCfg = Debug|Any CPU
		{E6C50355-D01E-4CAA-884D-D7929861315C}.Debug|iPhone.Build.0 = Debug|Any CPU
		{E6C50355-D01E-4CAA-884D-D7929861315C}.Debug|iPhoneSimulator.ActiveCfg = Debug|Any CPU
		{E6C50355-D01E-4CAA-884D-D7929861315C}.Debug|iPhoneSimulator.Build.0 = Debug|Any CPU
		{E6C50355-D01E-4CAA-884D-D7929861315C}.Debug|x64.ActiveCfg = Debug|Any CPU
		{E6C50355-D01E-4CAA-884D-D7929861315C}.Debug|x64.Build.0 = Debug|Any CPU
		{E6C50355-D01E-4CAA-884D-D7929861315C}.Debug|x86.ActiveCfg = Debug|Any CPU
		{E6C50355-D01E-4CAA-884D-D7929861315C}.Debug|x86.Build.0 = Debug|Any CPU
		{E6C50355-D01E-4CAA-884D-D7929861315C}.Release|Any CPU.ActiveCfg = Release|Any CPU
		{E6C50355-D01E-4CAA-884D-D7929861315C}.Release|Any CPU.Build.0 = Release|Any CPU
		{E6C50355-D01E-4CAA-884D-D7929861315C}.Release|ARM.ActiveCfg = Release|Any CPU
		{E6C50355-D01E-4CAA-884D-D7929861315C}.Release|ARM.Build.0 = Release|Any CPU
		{E6C50355-D01E-4CAA-884D-D7929861315C}.Release|iPhone.ActiveCfg = Release|Any CPU
		{E6C50355-D01E-4CAA-884D-D7929861315C}.Release|iPhone.Build.0 = Release|Any CPU
		{E6C50355-D01E-4CAA-884D-D7929861315C}.Release|iPhoneSimulator.ActiveCfg = Release|Any CPU
		{E6C50355-D01E-4CAA-884D-D7929861315C}.Release|iPhoneSimulator.Build.0 = Release|Any CPU
		{E6C50355-D01E-4CAA-884D-D7929861315C}.Release|x64.ActiveCfg = Release|Any CPU
		{E6C50355-D01E-4CAA-884D-D7929861315C}.Release|x64.Build.0 = Release|Any CPU
		{E6C50355-D01E-4CAA-884D-D7929861315C}.Release|x86.ActiveCfg = Release|Any CPU
		{E6C50355-D01E-4CAA-884D-D7929861315C}.Release|x86.Build.0 = Release|Any CPU
		{E6C50355-D01E-4CAA-884D-D7929861315C}.Release-Signed|Any CPU.ActiveCfg = Release|Any CPU
		{E6C50355-D01E-4CAA-884D-D7929861315C}.Release-Signed|Any CPU.Build.0 = Release|Any CPU
		{E6C50355-D01E-4CAA-884D-D7929861315C}.Release-Signed|ARM.ActiveCfg = Release|Any CPU
		{E6C50355-D01E-4CAA-884D-D7929861315C}.Release-Signed|ARM.Build.0 = Release|Any CPU
		{E6C50355-D01E-4CAA-884D-D7929861315C}.Release-Signed|iPhone.ActiveCfg = Release|Any CPU
		{E6C50355-D01E-4CAA-884D-D7929861315C}.Release-Signed|iPhone.Build.0 = Release|Any CPU
		{E6C50355-D01E-4CAA-884D-D7929861315C}.Release-Signed|iPhoneSimulator.ActiveCfg = Release|Any CPU
		{E6C50355-D01E-4CAA-884D-D7929861315C}.Release-Signed|iPhoneSimulator.Build.0 = Release|Any CPU
		{E6C50355-D01E-4CAA-884D-D7929861315C}.Release-Signed|x64.ActiveCfg = Release|Any CPU
		{E6C50355-D01E-4CAA-884D-D7929861315C}.Release-Signed|x64.Build.0 = Release|Any CPU
		{E6C50355-D01E-4CAA-884D-D7929861315C}.Release-Signed|x86.ActiveCfg = Release|Any CPU
		{E6C50355-D01E-4CAA-884D-D7929861315C}.Release-Signed|x86.Build.0 = Release|Any CPU
		{0797C306-43CD-4E8D-BC3D-3C1E7B40345F}.Ad-Hoc|Any CPU.ActiveCfg = Release|x86
		{0797C306-43CD-4E8D-BC3D-3C1E7B40345F}.Ad-Hoc|Any CPU.Build.0 = Release|x86
		{0797C306-43CD-4E8D-BC3D-3C1E7B40345F}.Ad-Hoc|Any CPU.Deploy.0 = Release|x86
		{0797C306-43CD-4E8D-BC3D-3C1E7B40345F}.Ad-Hoc|ARM.ActiveCfg = Release|ARM
		{0797C306-43CD-4E8D-BC3D-3C1E7B40345F}.Ad-Hoc|ARM.Build.0 = Release|ARM
		{0797C306-43CD-4E8D-BC3D-3C1E7B40345F}.Ad-Hoc|ARM.Deploy.0 = Release|ARM
		{0797C306-43CD-4E8D-BC3D-3C1E7B40345F}.Ad-Hoc|iPhone.ActiveCfg = Release|x86
		{0797C306-43CD-4E8D-BC3D-3C1E7B40345F}.Ad-Hoc|iPhone.Build.0 = Release|x86
		{0797C306-43CD-4E8D-BC3D-3C1E7B40345F}.Ad-Hoc|iPhone.Deploy.0 = Release|x86
		{0797C306-43CD-4E8D-BC3D-3C1E7B40345F}.Ad-Hoc|iPhoneSimulator.ActiveCfg = Release|x86
		{0797C306-43CD-4E8D-BC3D-3C1E7B40345F}.Ad-Hoc|iPhoneSimulator.Build.0 = Release|x86
		{0797C306-43CD-4E8D-BC3D-3C1E7B40345F}.Ad-Hoc|iPhoneSimulator.Deploy.0 = Release|x86
		{0797C306-43CD-4E8D-BC3D-3C1E7B40345F}.Ad-Hoc|x64.ActiveCfg = Release|x64
		{0797C306-43CD-4E8D-BC3D-3C1E7B40345F}.Ad-Hoc|x64.Build.0 = Release|x64
		{0797C306-43CD-4E8D-BC3D-3C1E7B40345F}.Ad-Hoc|x64.Deploy.0 = Release|x64
		{0797C306-43CD-4E8D-BC3D-3C1E7B40345F}.Ad-Hoc|x86.ActiveCfg = Release|x86
		{0797C306-43CD-4E8D-BC3D-3C1E7B40345F}.Ad-Hoc|x86.Build.0 = Release|x86
		{0797C306-43CD-4E8D-BC3D-3C1E7B40345F}.Ad-Hoc|x86.Deploy.0 = Release|x86
		{0797C306-43CD-4E8D-BC3D-3C1E7B40345F}.AppStore|Any CPU.ActiveCfg = Release|x86
		{0797C306-43CD-4E8D-BC3D-3C1E7B40345F}.AppStore|Any CPU.Build.0 = Release|x86
		{0797C306-43CD-4E8D-BC3D-3C1E7B40345F}.AppStore|Any CPU.Deploy.0 = Release|x86
		{0797C306-43CD-4E8D-BC3D-3C1E7B40345F}.AppStore|ARM.ActiveCfg = Release|ARM
		{0797C306-43CD-4E8D-BC3D-3C1E7B40345F}.AppStore|ARM.Build.0 = Release|ARM
		{0797C306-43CD-4E8D-BC3D-3C1E7B40345F}.AppStore|ARM.Deploy.0 = Release|ARM
		{0797C306-43CD-4E8D-BC3D-3C1E7B40345F}.AppStore|iPhone.ActiveCfg = Release|x86
		{0797C306-43CD-4E8D-BC3D-3C1E7B40345F}.AppStore|iPhone.Build.0 = Release|x86
		{0797C306-43CD-4E8D-BC3D-3C1E7B40345F}.AppStore|iPhone.Deploy.0 = Release|x86
		{0797C306-43CD-4E8D-BC3D-3C1E7B40345F}.AppStore|iPhoneSimulator.ActiveCfg = Release|x86
		{0797C306-43CD-4E8D-BC3D-3C1E7B40345F}.AppStore|iPhoneSimulator.Build.0 = Release|x86
		{0797C306-43CD-4E8D-BC3D-3C1E7B40345F}.AppStore|iPhoneSimulator.Deploy.0 = Release|x86
		{0797C306-43CD-4E8D-BC3D-3C1E7B40345F}.AppStore|x64.ActiveCfg = Release|x64
		{0797C306-43CD-4E8D-BC3D-3C1E7B40345F}.AppStore|x64.Build.0 = Release|x64
		{0797C306-43CD-4E8D-BC3D-3C1E7B40345F}.AppStore|x64.Deploy.0 = Release|x64
		{0797C306-43CD-4E8D-BC3D-3C1E7B40345F}.AppStore|x86.ActiveCfg = Release|x86
		{0797C306-43CD-4E8D-BC3D-3C1E7B40345F}.AppStore|x86.Build.0 = Release|x86
		{0797C306-43CD-4E8D-BC3D-3C1E7B40345F}.AppStore|x86.Deploy.0 = Release|x86
		{0797C306-43CD-4E8D-BC3D-3C1E7B40345F}.Debug|Any CPU.ActiveCfg = Debug|x86
		{0797C306-43CD-4E8D-BC3D-3C1E7B40345F}.Debug|ARM.ActiveCfg = Debug|ARM
		{0797C306-43CD-4E8D-BC3D-3C1E7B40345F}.Debug|ARM.Build.0 = Debug|ARM
		{0797C306-43CD-4E8D-BC3D-3C1E7B40345F}.Debug|ARM.Deploy.0 = Debug|ARM
		{0797C306-43CD-4E8D-BC3D-3C1E7B40345F}.Debug|iPhone.ActiveCfg = Debug|x86
		{0797C306-43CD-4E8D-BC3D-3C1E7B40345F}.Debug|iPhoneSimulator.ActiveCfg = Debug|x86
		{0797C306-43CD-4E8D-BC3D-3C1E7B40345F}.Debug|x64.ActiveCfg = Debug|x64
		{0797C306-43CD-4E8D-BC3D-3C1E7B40345F}.Debug|x64.Build.0 = Debug|x64
		{0797C306-43CD-4E8D-BC3D-3C1E7B40345F}.Debug|x64.Deploy.0 = Debug|x64
		{0797C306-43CD-4E8D-BC3D-3C1E7B40345F}.Debug|x86.ActiveCfg = Debug|x86
		{0797C306-43CD-4E8D-BC3D-3C1E7B40345F}.Debug|x86.Build.0 = Debug|x86
		{0797C306-43CD-4E8D-BC3D-3C1E7B40345F}.Debug|x86.Deploy.0 = Debug|x86
		{0797C306-43CD-4E8D-BC3D-3C1E7B40345F}.Release|Any CPU.ActiveCfg = Release|x86
		{0797C306-43CD-4E8D-BC3D-3C1E7B40345F}.Release|ARM.ActiveCfg = Release|ARM
		{0797C306-43CD-4E8D-BC3D-3C1E7B40345F}.Release|ARM.Build.0 = Release|ARM
		{0797C306-43CD-4E8D-BC3D-3C1E7B40345F}.Release|ARM.Deploy.0 = Release|ARM
		{0797C306-43CD-4E8D-BC3D-3C1E7B40345F}.Release|iPhone.ActiveCfg = Release|x86
		{0797C306-43CD-4E8D-BC3D-3C1E7B40345F}.Release|iPhoneSimulator.ActiveCfg = Release|x86
		{0797C306-43CD-4E8D-BC3D-3C1E7B40345F}.Release|x64.ActiveCfg = Release|x64
		{0797C306-43CD-4E8D-BC3D-3C1E7B40345F}.Release|x64.Build.0 = Release|x64
		{0797C306-43CD-4E8D-BC3D-3C1E7B40345F}.Release|x64.Deploy.0 = Release|x64
		{0797C306-43CD-4E8D-BC3D-3C1E7B40345F}.Release|x86.ActiveCfg = Release|x86
		{0797C306-43CD-4E8D-BC3D-3C1E7B40345F}.Release|x86.Build.0 = Release|x86
		{0797C306-43CD-4E8D-BC3D-3C1E7B40345F}.Release|x86.Deploy.0 = Release|x86
		{0797C306-43CD-4E8D-BC3D-3C1E7B40345F}.Release-Signed|Any CPU.ActiveCfg = Release|x86
		{0797C306-43CD-4E8D-BC3D-3C1E7B40345F}.Release-Signed|Any CPU.Build.0 = Release|x86
		{0797C306-43CD-4E8D-BC3D-3C1E7B40345F}.Release-Signed|Any CPU.Deploy.0 = Release|x86
		{0797C306-43CD-4E8D-BC3D-3C1E7B40345F}.Release-Signed|ARM.ActiveCfg = Release|ARM
		{0797C306-43CD-4E8D-BC3D-3C1E7B40345F}.Release-Signed|ARM.Build.0 = Release|ARM
		{0797C306-43CD-4E8D-BC3D-3C1E7B40345F}.Release-Signed|ARM.Deploy.0 = Release|ARM
		{0797C306-43CD-4E8D-BC3D-3C1E7B40345F}.Release-Signed|iPhone.ActiveCfg = Release|x86
		{0797C306-43CD-4E8D-BC3D-3C1E7B40345F}.Release-Signed|iPhone.Build.0 = Release|x86
		{0797C306-43CD-4E8D-BC3D-3C1E7B40345F}.Release-Signed|iPhone.Deploy.0 = Release|x86
		{0797C306-43CD-4E8D-BC3D-3C1E7B40345F}.Release-Signed|iPhoneSimulator.ActiveCfg = Release|x86
		{0797C306-43CD-4E8D-BC3D-3C1E7B40345F}.Release-Signed|iPhoneSimulator.Build.0 = Release|x86
		{0797C306-43CD-4E8D-BC3D-3C1E7B40345F}.Release-Signed|iPhoneSimulator.Deploy.0 = Release|x86
		{0797C306-43CD-4E8D-BC3D-3C1E7B40345F}.Release-Signed|x64.ActiveCfg = Release|x64
		{0797C306-43CD-4E8D-BC3D-3C1E7B40345F}.Release-Signed|x64.Build.0 = Release|x64
		{0797C306-43CD-4E8D-BC3D-3C1E7B40345F}.Release-Signed|x64.Deploy.0 = Release|x64
		{0797C306-43CD-4E8D-BC3D-3C1E7B40345F}.Release-Signed|x86.ActiveCfg = Release|x86
		{0797C306-43CD-4E8D-BC3D-3C1E7B40345F}.Release-Signed|x86.Build.0 = Release|x86
		{0797C306-43CD-4E8D-BC3D-3C1E7B40345F}.Release-Signed|x86.Deploy.0 = Release|x86
		{8B36E1FE-9E24-4CF4-83AD-331C49C03131}.Ad-Hoc|Any CPU.ActiveCfg = Release|Any CPU
		{8B36E1FE-9E24-4CF4-83AD-331C49C03131}.Ad-Hoc|Any CPU.Build.0 = Release|Any CPU
		{8B36E1FE-9E24-4CF4-83AD-331C49C03131}.Ad-Hoc|Any CPU.Deploy.0 = Release|Any CPU
		{8B36E1FE-9E24-4CF4-83AD-331C49C03131}.Ad-Hoc|ARM.ActiveCfg = Release|Any CPU
		{8B36E1FE-9E24-4CF4-83AD-331C49C03131}.Ad-Hoc|ARM.Build.0 = Release|Any CPU
		{8B36E1FE-9E24-4CF4-83AD-331C49C03131}.Ad-Hoc|ARM.Deploy.0 = Release|Any CPU
		{8B36E1FE-9E24-4CF4-83AD-331C49C03131}.Ad-Hoc|iPhone.ActiveCfg = Release|Any CPU
		{8B36E1FE-9E24-4CF4-83AD-331C49C03131}.Ad-Hoc|iPhone.Build.0 = Release|Any CPU
		{8B36E1FE-9E24-4CF4-83AD-331C49C03131}.Ad-Hoc|iPhone.Deploy.0 = Release|Any CPU
		{8B36E1FE-9E24-4CF4-83AD-331C49C03131}.Ad-Hoc|iPhoneSimulator.ActiveCfg = Release|Any CPU
		{8B36E1FE-9E24-4CF4-83AD-331C49C03131}.Ad-Hoc|iPhoneSimulator.Build.0 = Release|Any CPU
		{8B36E1FE-9E24-4CF4-83AD-331C49C03131}.Ad-Hoc|iPhoneSimulator.Deploy.0 = Release|Any CPU
		{8B36E1FE-9E24-4CF4-83AD-331C49C03131}.Ad-Hoc|x64.ActiveCfg = Release|Any CPU
		{8B36E1FE-9E24-4CF4-83AD-331C49C03131}.Ad-Hoc|x64.Build.0 = Release|Any CPU
		{8B36E1FE-9E24-4CF4-83AD-331C49C03131}.Ad-Hoc|x64.Deploy.0 = Release|Any CPU
		{8B36E1FE-9E24-4CF4-83AD-331C49C03131}.Ad-Hoc|x86.ActiveCfg = Release|Any CPU
		{8B36E1FE-9E24-4CF4-83AD-331C49C03131}.Ad-Hoc|x86.Build.0 = Release|Any CPU
		{8B36E1FE-9E24-4CF4-83AD-331C49C03131}.Ad-Hoc|x86.Deploy.0 = Release|Any CPU
		{8B36E1FE-9E24-4CF4-83AD-331C49C03131}.AppStore|Any CPU.ActiveCfg = Release|Any CPU
		{8B36E1FE-9E24-4CF4-83AD-331C49C03131}.AppStore|Any CPU.Build.0 = Release|Any CPU
		{8B36E1FE-9E24-4CF4-83AD-331C49C03131}.AppStore|Any CPU.Deploy.0 = Release|Any CPU
		{8B36E1FE-9E24-4CF4-83AD-331C49C03131}.AppStore|ARM.ActiveCfg = Release|Any CPU
		{8B36E1FE-9E24-4CF4-83AD-331C49C03131}.AppStore|ARM.Build.0 = Release|Any CPU
		{8B36E1FE-9E24-4CF4-83AD-331C49C03131}.AppStore|ARM.Deploy.0 = Release|Any CPU
		{8B36E1FE-9E24-4CF4-83AD-331C49C03131}.AppStore|iPhone.ActiveCfg = Release|Any CPU
		{8B36E1FE-9E24-4CF4-83AD-331C49C03131}.AppStore|iPhone.Build.0 = Release|Any CPU
		{8B36E1FE-9E24-4CF4-83AD-331C49C03131}.AppStore|iPhone.Deploy.0 = Release|Any CPU
		{8B36E1FE-9E24-4CF4-83AD-331C49C03131}.AppStore|iPhoneSimulator.ActiveCfg = Release|Any CPU
		{8B36E1FE-9E24-4CF4-83AD-331C49C03131}.AppStore|iPhoneSimulator.Build.0 = Release|Any CPU
		{8B36E1FE-9E24-4CF4-83AD-331C49C03131}.AppStore|iPhoneSimulator.Deploy.0 = Release|Any CPU
		{8B36E1FE-9E24-4CF4-83AD-331C49C03131}.AppStore|x64.ActiveCfg = Release|Any CPU
		{8B36E1FE-9E24-4CF4-83AD-331C49C03131}.AppStore|x64.Build.0 = Release|Any CPU
		{8B36E1FE-9E24-4CF4-83AD-331C49C03131}.AppStore|x64.Deploy.0 = Release|Any CPU
		{8B36E1FE-9E24-4CF4-83AD-331C49C03131}.AppStore|x86.ActiveCfg = Release|Any CPU
		{8B36E1FE-9E24-4CF4-83AD-331C49C03131}.AppStore|x86.Build.0 = Release|Any CPU
		{8B36E1FE-9E24-4CF4-83AD-331C49C03131}.AppStore|x86.Deploy.0 = Release|Any CPU
		{8B36E1FE-9E24-4CF4-83AD-331C49C03131}.Debug|Any CPU.ActiveCfg = Debug|Any CPU
		{8B36E1FE-9E24-4CF4-83AD-331C49C03131}.Debug|Any CPU.Build.0 = Debug|Any CPU
		{8B36E1FE-9E24-4CF4-83AD-331C49C03131}.Debug|Any CPU.Deploy.0 = Debug|Any CPU
		{8B36E1FE-9E24-4CF4-83AD-331C49C03131}.Debug|ARM.ActiveCfg = Debug|Any CPU
		{8B36E1FE-9E24-4CF4-83AD-331C49C03131}.Debug|ARM.Build.0 = Debug|Any CPU
		{8B36E1FE-9E24-4CF4-83AD-331C49C03131}.Debug|ARM.Deploy.0 = Debug|Any CPU
		{8B36E1FE-9E24-4CF4-83AD-331C49C03131}.Debug|iPhone.ActiveCfg = Debug|Any CPU
		{8B36E1FE-9E24-4CF4-83AD-331C49C03131}.Debug|iPhone.Build.0 = Debug|Any CPU
		{8B36E1FE-9E24-4CF4-83AD-331C49C03131}.Debug|iPhone.Deploy.0 = Debug|Any CPU
		{8B36E1FE-9E24-4CF4-83AD-331C49C03131}.Debug|iPhoneSimulator.ActiveCfg = Debug|Any CPU
		{8B36E1FE-9E24-4CF4-83AD-331C49C03131}.Debug|iPhoneSimulator.Build.0 = Debug|Any CPU
		{8B36E1FE-9E24-4CF4-83AD-331C49C03131}.Debug|iPhoneSimulator.Deploy.0 = Debug|Any CPU
		{8B36E1FE-9E24-4CF4-83AD-331C49C03131}.Debug|x64.ActiveCfg = Debug|Any CPU
		{8B36E1FE-9E24-4CF4-83AD-331C49C03131}.Debug|x64.Build.0 = Debug|Any CPU
		{8B36E1FE-9E24-4CF4-83AD-331C49C03131}.Debug|x64.Deploy.0 = Debug|Any CPU
		{8B36E1FE-9E24-4CF4-83AD-331C49C03131}.Debug|x86.ActiveCfg = Debug|Any CPU
		{8B36E1FE-9E24-4CF4-83AD-331C49C03131}.Debug|x86.Build.0 = Debug|Any CPU
		{8B36E1FE-9E24-4CF4-83AD-331C49C03131}.Debug|x86.Deploy.0 = Debug|Any CPU
		{8B36E1FE-9E24-4CF4-83AD-331C49C03131}.Release|Any CPU.ActiveCfg = Release|Any CPU
		{8B36E1FE-9E24-4CF4-83AD-331C49C03131}.Release|Any CPU.Build.0 = Release|Any CPU
		{8B36E1FE-9E24-4CF4-83AD-331C49C03131}.Release|Any CPU.Deploy.0 = Release|Any CPU
		{8B36E1FE-9E24-4CF4-83AD-331C49C03131}.Release|ARM.ActiveCfg = Release|Any CPU
		{8B36E1FE-9E24-4CF4-83AD-331C49C03131}.Release|ARM.Build.0 = Release|Any CPU
		{8B36E1FE-9E24-4CF4-83AD-331C49C03131}.Release|ARM.Deploy.0 = Release|Any CPU
		{8B36E1FE-9E24-4CF4-83AD-331C49C03131}.Release|iPhone.ActiveCfg = Release|Any CPU
		{8B36E1FE-9E24-4CF4-83AD-331C49C03131}.Release|iPhone.Build.0 = Release|Any CPU
		{8B36E1FE-9E24-4CF4-83AD-331C49C03131}.Release|iPhone.Deploy.0 = Release|Any CPU
		{8B36E1FE-9E24-4CF4-83AD-331C49C03131}.Release|iPhoneSimulator.ActiveCfg = Release|Any CPU
		{8B36E1FE-9E24-4CF4-83AD-331C49C03131}.Release|iPhoneSimulator.Build.0 = Release|Any CPU
		{8B36E1FE-9E24-4CF4-83AD-331C49C03131}.Release|iPhoneSimulator.Deploy.0 = Release|Any CPU
		{8B36E1FE-9E24-4CF4-83AD-331C49C03131}.Release|x64.ActiveCfg = Release|Any CPU
		{8B36E1FE-9E24-4CF4-83AD-331C49C03131}.Release|x64.Build.0 = Release|Any CPU
		{8B36E1FE-9E24-4CF4-83AD-331C49C03131}.Release|x64.Deploy.0 = Release|Any CPU
		{8B36E1FE-9E24-4CF4-83AD-331C49C03131}.Release|x86.ActiveCfg = Release|Any CPU
		{8B36E1FE-9E24-4CF4-83AD-331C49C03131}.Release|x86.Build.0 = Release|Any CPU
		{8B36E1FE-9E24-4CF4-83AD-331C49C03131}.Release|x86.Deploy.0 = Release|Any CPU
		{8B36E1FE-9E24-4CF4-83AD-331C49C03131}.Release-Signed|Any CPU.ActiveCfg = Release|Any CPU
		{8B36E1FE-9E24-4CF4-83AD-331C49C03131}.Release-Signed|Any CPU.Build.0 = Release|Any CPU
		{8B36E1FE-9E24-4CF4-83AD-331C49C03131}.Release-Signed|Any CPU.Deploy.0 = Release|Any CPU
		{8B36E1FE-9E24-4CF4-83AD-331C49C03131}.Release-Signed|ARM.ActiveCfg = Release|Any CPU
		{8B36E1FE-9E24-4CF4-83AD-331C49C03131}.Release-Signed|ARM.Build.0 = Release|Any CPU
		{8B36E1FE-9E24-4CF4-83AD-331C49C03131}.Release-Signed|ARM.Deploy.0 = Release|Any CPU
		{8B36E1FE-9E24-4CF4-83AD-331C49C03131}.Release-Signed|iPhone.ActiveCfg = Release|Any CPU
		{8B36E1FE-9E24-4CF4-83AD-331C49C03131}.Release-Signed|iPhone.Build.0 = Release|Any CPU
		{8B36E1FE-9E24-4CF4-83AD-331C49C03131}.Release-Signed|iPhone.Deploy.0 = Release|Any CPU
		{8B36E1FE-9E24-4CF4-83AD-331C49C03131}.Release-Signed|iPhoneSimulator.ActiveCfg = Release|Any CPU
		{8B36E1FE-9E24-4CF4-83AD-331C49C03131}.Release-Signed|iPhoneSimulator.Build.0 = Release|Any CPU
		{8B36E1FE-9E24-4CF4-83AD-331C49C03131}.Release-Signed|iPhoneSimulator.Deploy.0 = Release|Any CPU
		{8B36E1FE-9E24-4CF4-83AD-331C49C03131}.Release-Signed|x64.ActiveCfg = Release|Any CPU
		{8B36E1FE-9E24-4CF4-83AD-331C49C03131}.Release-Signed|x64.Build.0 = Release|Any CPU
		{8B36E1FE-9E24-4CF4-83AD-331C49C03131}.Release-Signed|x64.Deploy.0 = Release|Any CPU
		{8B36E1FE-9E24-4CF4-83AD-331C49C03131}.Release-Signed|x86.ActiveCfg = Release|Any CPU
		{8B36E1FE-9E24-4CF4-83AD-331C49C03131}.Release-Signed|x86.Build.0 = Release|Any CPU
		{8B36E1FE-9E24-4CF4-83AD-331C49C03131}.Release-Signed|x86.Deploy.0 = Release|Any CPU
		{834C7DCC-F6E3-46A3-9618-6B36A174FC75}.Ad-Hoc|Any CPU.ActiveCfg = Ad-Hoc|iPhone
		{834C7DCC-F6E3-46A3-9618-6B36A174FC75}.Ad-Hoc|ARM.ActiveCfg = Ad-Hoc|iPhone
		{834C7DCC-F6E3-46A3-9618-6B36A174FC75}.Ad-Hoc|iPhone.ActiveCfg = Ad-Hoc|iPhone
		{834C7DCC-F6E3-46A3-9618-6B36A174FC75}.Ad-Hoc|iPhone.Build.0 = Ad-Hoc|iPhone
		{834C7DCC-F6E3-46A3-9618-6B36A174FC75}.Ad-Hoc|iPhoneSimulator.ActiveCfg = Ad-Hoc|iPhoneSimulator
		{834C7DCC-F6E3-46A3-9618-6B36A174FC75}.Ad-Hoc|iPhoneSimulator.Build.0 = Ad-Hoc|iPhoneSimulator
		{834C7DCC-F6E3-46A3-9618-6B36A174FC75}.Ad-Hoc|x64.ActiveCfg = Ad-Hoc|iPhone
		{834C7DCC-F6E3-46A3-9618-6B36A174FC75}.Ad-Hoc|x86.ActiveCfg = Ad-Hoc|iPhone
		{834C7DCC-F6E3-46A3-9618-6B36A174FC75}.AppStore|Any CPU.ActiveCfg = AppStore|iPhone
		{834C7DCC-F6E3-46A3-9618-6B36A174FC75}.AppStore|ARM.ActiveCfg = AppStore|iPhone
		{834C7DCC-F6E3-46A3-9618-6B36A174FC75}.AppStore|iPhone.ActiveCfg = AppStore|iPhone
		{834C7DCC-F6E3-46A3-9618-6B36A174FC75}.AppStore|iPhone.Build.0 = AppStore|iPhone
		{834C7DCC-F6E3-46A3-9618-6B36A174FC75}.AppStore|iPhoneSimulator.ActiveCfg = AppStore|iPhoneSimulator
		{834C7DCC-F6E3-46A3-9618-6B36A174FC75}.AppStore|iPhoneSimulator.Build.0 = AppStore|iPhoneSimulator
		{834C7DCC-F6E3-46A3-9618-6B36A174FC75}.AppStore|x64.ActiveCfg = AppStore|iPhone
		{834C7DCC-F6E3-46A3-9618-6B36A174FC75}.AppStore|x86.ActiveCfg = AppStore|iPhone
		{834C7DCC-F6E3-46A3-9618-6B36A174FC75}.Debug|Any CPU.ActiveCfg = Debug|iPhone
		{834C7DCC-F6E3-46A3-9618-6B36A174FC75}.Debug|ARM.ActiveCfg = Debug|iPhone
		{834C7DCC-F6E3-46A3-9618-6B36A174FC75}.Debug|iPhone.ActiveCfg = Debug|iPhone
		{834C7DCC-F6E3-46A3-9618-6B36A174FC75}.Debug|iPhone.Build.0 = Debug|iPhone
		{834C7DCC-F6E3-46A3-9618-6B36A174FC75}.Debug|iPhoneSimulator.ActiveCfg = Debug|iPhoneSimulator
		{834C7DCC-F6E3-46A3-9618-6B36A174FC75}.Debug|iPhoneSimulator.Build.0 = Debug|iPhoneSimulator
		{834C7DCC-F6E3-46A3-9618-6B36A174FC75}.Debug|x64.ActiveCfg = Debug|iPhone
		{834C7DCC-F6E3-46A3-9618-6B36A174FC75}.Debug|x86.ActiveCfg = Debug|iPhone
		{834C7DCC-F6E3-46A3-9618-6B36A174FC75}.Release|Any CPU.ActiveCfg = Release|iPhone
		{834C7DCC-F6E3-46A3-9618-6B36A174FC75}.Release|ARM.ActiveCfg = Release|iPhone
		{834C7DCC-F6E3-46A3-9618-6B36A174FC75}.Release|iPhone.ActiveCfg = Release|iPhone
		{834C7DCC-F6E3-46A3-9618-6B36A174FC75}.Release|iPhone.Build.0 = Release|iPhone
		{834C7DCC-F6E3-46A3-9618-6B36A174FC75}.Release|iPhoneSimulator.ActiveCfg = Release|iPhoneSimulator
		{834C7DCC-F6E3-46A3-9618-6B36A174FC75}.Release|iPhoneSimulator.Build.0 = Release|iPhoneSimulator
		{834C7DCC-F6E3-46A3-9618-6B36A174FC75}.Release|x64.ActiveCfg = Release|iPhone
		{834C7DCC-F6E3-46A3-9618-6B36A174FC75}.Release|x86.ActiveCfg = Release|iPhone
		{834C7DCC-F6E3-46A3-9618-6B36A174FC75}.Release-Signed|Any CPU.ActiveCfg = AppStore|iPhone
		{834C7DCC-F6E3-46A3-9618-6B36A174FC75}.Release-Signed|Any CPU.Build.0 = AppStore|iPhone
		{834C7DCC-F6E3-46A3-9618-6B36A174FC75}.Release-Signed|ARM.ActiveCfg = AppStore|iPhone
		{834C7DCC-F6E3-46A3-9618-6B36A174FC75}.Release-Signed|ARM.Build.0 = AppStore|iPhone
		{834C7DCC-F6E3-46A3-9618-6B36A174FC75}.Release-Signed|iPhone.ActiveCfg = Release|iPhone
		{834C7DCC-F6E3-46A3-9618-6B36A174FC75}.Release-Signed|iPhone.Build.0 = Release|iPhone
		{834C7DCC-F6E3-46A3-9618-6B36A174FC75}.Release-Signed|iPhoneSimulator.ActiveCfg = Release|iPhoneSimulator
		{834C7DCC-F6E3-46A3-9618-6B36A174FC75}.Release-Signed|iPhoneSimulator.Build.0 = Release|iPhoneSimulator
		{834C7DCC-F6E3-46A3-9618-6B36A174FC75}.Release-Signed|x64.ActiveCfg = AppStore|iPhone
		{834C7DCC-F6E3-46A3-9618-6B36A174FC75}.Release-Signed|x64.Build.0 = AppStore|iPhone
		{834C7DCC-F6E3-46A3-9618-6B36A174FC75}.Release-Signed|x86.ActiveCfg = AppStore|iPhone
		{834C7DCC-F6E3-46A3-9618-6B36A174FC75}.Release-Signed|x86.Build.0 = AppStore|iPhone
		{07FE2204-D2AD-4AFC-A248-D061DF136703}.Ad-Hoc|Any CPU.ActiveCfg = Debug|Any CPU
		{07FE2204-D2AD-4AFC-A248-D061DF136703}.Ad-Hoc|Any CPU.Build.0 = Debug|Any CPU
		{07FE2204-D2AD-4AFC-A248-D061DF136703}.Ad-Hoc|ARM.ActiveCfg = Debug|Any CPU
		{07FE2204-D2AD-4AFC-A248-D061DF136703}.Ad-Hoc|ARM.Build.0 = Debug|Any CPU
		{07FE2204-D2AD-4AFC-A248-D061DF136703}.Ad-Hoc|iPhone.ActiveCfg = Debug|Any CPU
		{07FE2204-D2AD-4AFC-A248-D061DF136703}.Ad-Hoc|iPhone.Build.0 = Debug|Any CPU
		{07FE2204-D2AD-4AFC-A248-D061DF136703}.Ad-Hoc|iPhoneSimulator.ActiveCfg = Debug|Any CPU
		{07FE2204-D2AD-4AFC-A248-D061DF136703}.Ad-Hoc|iPhoneSimulator.Build.0 = Debug|Any CPU
		{07FE2204-D2AD-4AFC-A248-D061DF136703}.Ad-Hoc|x64.ActiveCfg = Debug|Any CPU
		{07FE2204-D2AD-4AFC-A248-D061DF136703}.Ad-Hoc|x64.Build.0 = Debug|Any CPU
		{07FE2204-D2AD-4AFC-A248-D061DF136703}.Ad-Hoc|x86.ActiveCfg = Debug|Any CPU
		{07FE2204-D2AD-4AFC-A248-D061DF136703}.Ad-Hoc|x86.Build.0 = Debug|Any CPU
		{07FE2204-D2AD-4AFC-A248-D061DF136703}.AppStore|Any CPU.ActiveCfg = Debug|Any CPU
		{07FE2204-D2AD-4AFC-A248-D061DF136703}.AppStore|Any CPU.Build.0 = Debug|Any CPU
		{07FE2204-D2AD-4AFC-A248-D061DF136703}.AppStore|ARM.ActiveCfg = Debug|Any CPU
		{07FE2204-D2AD-4AFC-A248-D061DF136703}.AppStore|ARM.Build.0 = Debug|Any CPU
		{07FE2204-D2AD-4AFC-A248-D061DF136703}.AppStore|iPhone.ActiveCfg = Debug|Any CPU
		{07FE2204-D2AD-4AFC-A248-D061DF136703}.AppStore|iPhone.Build.0 = Debug|Any CPU
		{07FE2204-D2AD-4AFC-A248-D061DF136703}.AppStore|iPhoneSimulator.ActiveCfg = Debug|Any CPU
		{07FE2204-D2AD-4AFC-A248-D061DF136703}.AppStore|iPhoneSimulator.Build.0 = Debug|Any CPU
		{07FE2204-D2AD-4AFC-A248-D061DF136703}.AppStore|x64.ActiveCfg = Debug|Any CPU
		{07FE2204-D2AD-4AFC-A248-D061DF136703}.AppStore|x64.Build.0 = Debug|Any CPU
		{07FE2204-D2AD-4AFC-A248-D061DF136703}.AppStore|x86.ActiveCfg = Debug|Any CPU
		{07FE2204-D2AD-4AFC-A248-D061DF136703}.AppStore|x86.Build.0 = Debug|Any CPU
		{07FE2204-D2AD-4AFC-A248-D061DF136703}.Debug|Any CPU.ActiveCfg = Debug|Any CPU
		{07FE2204-D2AD-4AFC-A248-D061DF136703}.Debug|Any CPU.Build.0 = Debug|Any CPU
		{07FE2204-D2AD-4AFC-A248-D061DF136703}.Debug|ARM.ActiveCfg = Debug|Any CPU
		{07FE2204-D2AD-4AFC-A248-D061DF136703}.Debug|ARM.Build.0 = Debug|Any CPU
		{07FE2204-D2AD-4AFC-A248-D061DF136703}.Debug|iPhone.ActiveCfg = Debug|Any CPU
		{07FE2204-D2AD-4AFC-A248-D061DF136703}.Debug|iPhone.Build.0 = Debug|Any CPU
		{07FE2204-D2AD-4AFC-A248-D061DF136703}.Debug|iPhoneSimulator.ActiveCfg = Debug|Any CPU
		{07FE2204-D2AD-4AFC-A248-D061DF136703}.Debug|iPhoneSimulator.Build.0 = Debug|Any CPU
		{07FE2204-D2AD-4AFC-A248-D061DF136703}.Debug|x64.ActiveCfg = Debug|Any CPU
		{07FE2204-D2AD-4AFC-A248-D061DF136703}.Debug|x64.Build.0 = Debug|Any CPU
		{07FE2204-D2AD-4AFC-A248-D061DF136703}.Debug|x86.ActiveCfg = Debug|Any CPU
		{07FE2204-D2AD-4AFC-A248-D061DF136703}.Debug|x86.Build.0 = Debug|Any CPU
		{07FE2204-D2AD-4AFC-A248-D061DF136703}.Release|Any CPU.ActiveCfg = Release|Any CPU
		{07FE2204-D2AD-4AFC-A248-D061DF136703}.Release|Any CPU.Build.0 = Release|Any CPU
		{07FE2204-D2AD-4AFC-A248-D061DF136703}.Release|ARM.ActiveCfg = Release|Any CPU
		{07FE2204-D2AD-4AFC-A248-D061DF136703}.Release|ARM.Build.0 = Release|Any CPU
		{07FE2204-D2AD-4AFC-A248-D061DF136703}.Release|iPhone.ActiveCfg = Release|Any CPU
		{07FE2204-D2AD-4AFC-A248-D061DF136703}.Release|iPhone.Build.0 = Release|Any CPU
		{07FE2204-D2AD-4AFC-A248-D061DF136703}.Release|iPhoneSimulator.ActiveCfg = Release|Any CPU
		{07FE2204-D2AD-4AFC-A248-D061DF136703}.Release|iPhoneSimulator.Build.0 = Release|Any CPU
		{07FE2204-D2AD-4AFC-A248-D061DF136703}.Release|x64.ActiveCfg = Release|Any CPU
		{07FE2204-D2AD-4AFC-A248-D061DF136703}.Release|x64.Build.0 = Release|Any CPU
		{07FE2204-D2AD-4AFC-A248-D061DF136703}.Release|x86.ActiveCfg = Release|Any CPU
		{07FE2204-D2AD-4AFC-A248-D061DF136703}.Release|x86.Build.0 = Release|Any CPU
		{07FE2204-D2AD-4AFC-A248-D061DF136703}.Release-Signed|Any CPU.ActiveCfg = Release|Any CPU
		{07FE2204-D2AD-4AFC-A248-D061DF136703}.Release-Signed|Any CPU.Build.0 = Release|Any CPU
		{07FE2204-D2AD-4AFC-A248-D061DF136703}.Release-Signed|ARM.ActiveCfg = Release|Any CPU
		{07FE2204-D2AD-4AFC-A248-D061DF136703}.Release-Signed|ARM.Build.0 = Release|Any CPU
		{07FE2204-D2AD-4AFC-A248-D061DF136703}.Release-Signed|iPhone.ActiveCfg = Release|Any CPU
		{07FE2204-D2AD-4AFC-A248-D061DF136703}.Release-Signed|iPhone.Build.0 = Release|Any CPU
		{07FE2204-D2AD-4AFC-A248-D061DF136703}.Release-Signed|iPhoneSimulator.ActiveCfg = Release|Any CPU
		{07FE2204-D2AD-4AFC-A248-D061DF136703}.Release-Signed|iPhoneSimulator.Build.0 = Release|Any CPU
		{07FE2204-D2AD-4AFC-A248-D061DF136703}.Release-Signed|x64.ActiveCfg = Release|Any CPU
		{07FE2204-D2AD-4AFC-A248-D061DF136703}.Release-Signed|x64.Build.0 = Release|Any CPU
		{07FE2204-D2AD-4AFC-A248-D061DF136703}.Release-Signed|x86.ActiveCfg = Release|Any CPU
		{07FE2204-D2AD-4AFC-A248-D061DF136703}.Release-Signed|x86.Build.0 = Release|Any CPU
	EndGlobalSection
	GlobalSection(SolutionProperties) = preSolution
		HideSolutionNode = FALSE
	EndGlobalSection
	GlobalSection(NestedProjects) = preSolution
		{3B7C3599-A336-4DB2-8678-710E3B36203B} = {C91631C0-B24C-4AA1-BD59-0E3DBF72B6BB}
		{B4060AD6-7A34-479C-B5EB-4C542A681F42} = {C91631C0-B24C-4AA1-BD59-0E3DBF72B6BB}
		{E6C50355-D01E-4CAA-884D-D7929861315C} = {C91631C0-B24C-4AA1-BD59-0E3DBF72B6BB}
	EndGlobalSection
	GlobalSection(ExtensibilityGlobals) = postSolution
		SolutionGuid = {4623C322-15CE-4495-B507-14006F272EB1}
	EndGlobalSection
EndGlobal
